dependencies:
- name: redis
  repository: oci://registry-1.docker.io/bitnamicharts
  version: 17.13.2
- name: mysql
  repository: oci://registry-1.docker.io/bitnamicharts
  version: 9.10.7
digest: sha256:03890da5ea2f0b87ae1c0f631eeff51722297fce0f3158083644a399bd09a37f
generated: "2023-07-22T10:43:01.811028336+01:00"
